
Microsoft Visual Studio Solution File, Format Version 12.00
# Visual Studio 15
VisualStudioVersion = 15.0.28307.421
MinimumVisualStudioVersion = 10.0.40219.1
Project("{8BC9CEB8-8B4A-11D0-8D11-00A0C91BC942}") = "exerciseThree", "exerciseThree\exerciseThree.vcxproj", "{B3DD4993-BF19-440F-B67B-66405B47175A}"
EndProject
Global
	GlobalSection(SolutionConfigurationPlatforms) = preSolution
		Debug|x64 = Debug|x64
		Debug|x86 = Debug|x86
		Release|x64 = Release|x64
		Release|x86 = Release|x86
	EndGlobalSection
	GlobalSection(ProjectConfigurationPlatforms) = postSolution
		{B3DD4993-BF19-440F-B67B-66405B47175A}.Debug|x64.ActiveCfg = Debug|x64
		{B3DD4993-BF19-440F-B67B-66405B47175A}.Debug|x64.Build.0 = Debug|x64
		{B3DD4993-BF19-440F-B67B-66405B47175A}.Debug|x86.ActiveCfg = Debug|Win32
		{B3DD4993-BF19-440F-B67B-66405B47175A}.Debug|x86.Build.0 = Debug|Win32
		{B3DD4993-BF19-440F-B67B-66405B47175A}.Release|x64.ActiveCfg = Release|x64
		{B3DD4993-BF19-440F-B67B-66405B47175A}.Release|x64.Build.0 = Release|x64
		{B3DD4993-BF19-440F-B67B-66405B47175A}.Release|x86.ActiveCfg = Release|Win32
		{B3DD4993-BF19-440F-B67B-66405B47175A}.Release|x86.Build.0 = Release|Win32
	EndGlobalSection
	GlobalSection(SolutionProperties) = preSolution
		HideSolutionNode = FALSE
	EndGlobalSection
	GlobalSection(ExtensibilityGlobals) = postSolution
		SolutionGuid = {7282F141-9F64-42C1-A2E8-B4AE2F29D374}
	EndGlobalSection
EndGlobal
