
Microsoft Visual Studio Solution File, Format Version 12.00
# Visual Studio 15
VisualStudioVersion = 15.0.28307.421
MinimumVisualStudioVersion = 10.0.40219.1
Project("{8BC9CEB8-8B4A-11D0-8D11-00A0C91BC942}") = "Q.1HeightMediumOrTall", "Q.1HeightMediumOrTall\Q.1HeightMediumOrTall.vcxproj", "{ED198B3E-DAF9-4705-B37A-7E838532B8CE}"
EndProject
Global
	GlobalSection(SolutionConfigurationPlatforms) = preSolution
		Debug|x64 = Debug|x64
		Debug|x86 = Debug|x86
		Release|x64 = Release|x64
		Release|x86 = Release|x86
	EndGlobalSection
	GlobalSection(ProjectConfigurationPlatforms) = postSolution
		{ED198B3E-DAF9-4705-B37A-7E838532B8CE}.Debug|x64.ActiveCfg = Debug|x64
		{ED198B3E-DAF9-4705-B37A-7E838532B8CE}.Debug|x64.Build.0 = Debug|x64
		{ED198B3E-DAF9-4705-B37A-7E838532B8CE}.Debug|x86.ActiveCfg = Debug|Win32
		{ED198B3E-DAF9-4705-B37A-7E838532B8CE}.Debug|x86.Build.0 = Debug|Win32
		{ED198B3E-DAF9-4705-B37A-7E838532B8CE}.Release|x64.ActiveCfg = Release|x64
		{ED198B3E-DAF9-4705-B37A-7E838532B8CE}.Release|x64.Build.0 = Release|x64
		{ED198B3E-DAF9-4705-B37A-7E838532B8CE}.Release|x86.ActiveCfg = Release|Win32
		{ED198B3E-DAF9-4705-B37A-7E838532B8CE}.Release|x86.Build.0 = Release|Win32
	EndGlobalSection
	GlobalSection(SolutionProperties) = preSolution
		HideSolutionNode = FALSE
	EndGlobalSection
	GlobalSection(ExtensibilityGlobals) = postSolution
		SolutionGuid = {4A8DA5CB-778E-40A4-8416-4844D5E04F96}
	EndGlobalSection
EndGlobal
