
Microsoft Visual Studio Solution File, Format Version 12.00
# Visual Studio 15
VisualStudioVersion = 15.0.28307.421
MinimumVisualStudioVersion = 10.0.40219.1
Project("{8BC9CEB8-8B4A-11D0-8D11-00A0C91BC942}") = "Part2.Q5AsteriskRectangle", "Part2.Q5AsteriskRectangle\Part2.Q5AsteriskRectangle.vcxproj", "{85B1E27E-75CC-4895-80EA-E91DA795725F}"
EndProject
Global
	GlobalSection(SolutionConfigurationPlatforms) = preSolution
		Debug|x64 = Debug|x64
		Debug|x86 = Debug|x86
		Release|x64 = Release|x64
		Release|x86 = Release|x86
	EndGlobalSection
	GlobalSection(ProjectConfigurationPlatforms) = postSolution
		{85B1E27E-75CC-4895-80EA-E91DA795725F}.Debug|x64.ActiveCfg = Debug|x64
		{85B1E27E-75CC-4895-80EA-E91DA795725F}.Debug|x64.Build.0 = Debug|x64
		{85B1E27E-75CC-4895-80EA-E91DA795725F}.Debug|x86.ActiveCfg = Debug|Win32
		{85B1E27E-75CC-4895-80EA-E91DA795725F}.Debug|x86.Build.0 = Debug|Win32
		{85B1E27E-75CC-4895-80EA-E91DA795725F}.Release|x64.ActiveCfg = Release|x64
		{85B1E27E-75CC-4895-80EA-E91DA795725F}.Release|x64.Build.0 = Release|x64
		{85B1E27E-75CC-4895-80EA-E91DA795725F}.Release|x86.ActiveCfg = Release|Win32
		{85B1E27E-75CC-4895-80EA-E91DA795725F}.Release|x86.Build.0 = Release|Win32
	EndGlobalSection
	GlobalSection(SolutionProperties) = preSolution
		HideSolutionNode = FALSE
	EndGlobalSection
	GlobalSection(ExtensibilityGlobals) = postSolution
		SolutionGuid = {D9B228AB-AA5F-4349-BECC-394591058A77}
	EndGlobalSection
EndGlobal
