
Microsoft Visual Studio Solution File, Format Version 12.00
# Visual Studio 15
VisualStudioVersion = 15.0.28307.421
MinimumVisualStudioVersion = 10.0.40219.1
Project("{8BC9CEB8-8B4A-11D0-8D11-00A0C91BC942}") = "Q.5.b.averageTemp", "Q.5.b.averageTemp\Q.5.b.averageTemp.vcxproj", "{DBE5E8FD-1052-46C1-8404-0F4317BB4053}"
EndProject
Global
	GlobalSection(SolutionConfigurationPlatforms) = preSolution
		Debug|x64 = Debug|x64
		Debug|x86 = Debug|x86
		Release|x64 = Release|x64
		Release|x86 = Release|x86
	EndGlobalSection
	GlobalSection(ProjectConfigurationPlatforms) = postSolution
		{DBE5E8FD-1052-46C1-8404-0F4317BB4053}.Debug|x64.ActiveCfg = Debug|x64
		{DBE5E8FD-1052-46C1-8404-0F4317BB4053}.Debug|x64.Build.0 = Debug|x64
		{DBE5E8FD-1052-46C1-8404-0F4317BB4053}.Debug|x86.ActiveCfg = Debug|Win32
		{DBE5E8FD-1052-46C1-8404-0F4317BB4053}.Debug|x86.Build.0 = Debug|Win32
		{DBE5E8FD-1052-46C1-8404-0F4317BB4053}.Release|x64.ActiveCfg = Release|x64
		{DBE5E8FD-1052-46C1-8404-0F4317BB4053}.Release|x64.Build.0 = Release|x64
		{DBE5E8FD-1052-46C1-8404-0F4317BB4053}.Release|x86.ActiveCfg = Release|Win32
		{DBE5E8FD-1052-46C1-8404-0F4317BB4053}.Release|x86.Build.0 = Release|Win32
	EndGlobalSection
	GlobalSection(SolutionProperties) = preSolution
		HideSolutionNode = FALSE
	EndGlobalSection
	GlobalSection(ExtensibilityGlobals) = postSolution
		SolutionGuid = {273D2657-BF2E-45E4-8C23-650387E2D457}
	EndGlobalSection
EndGlobal
