
Microsoft Visual Studio Solution File, Format Version 12.00
# Visual Studio 15
VisualStudioVersion = 15.0.28307.421
MinimumVisualStudioVersion = 10.0.40219.1
Project("{8BC9CEB8-8B4A-11D0-8D11-00A0C91BC942}") = "part.2.Qb.maximumNumber", "part.2.Qb.maximumNumber\part.2.Qb.maximumNumber.vcxproj", "{5E518FCB-DC17-4002-9E48-BBD96A0B64E2}"
EndProject
Global
	GlobalSection(SolutionConfigurationPlatforms) = preSolution
		Debug|x64 = Debug|x64
		Debug|x86 = Debug|x86
		Release|x64 = Release|x64
		Release|x86 = Release|x86
	EndGlobalSection
	GlobalSection(ProjectConfigurationPlatforms) = postSolution
		{5E518FCB-DC17-4002-9E48-BBD96A0B64E2}.Debug|x64.ActiveCfg = Debug|x64
		{5E518FCB-DC17-4002-9E48-BBD96A0B64E2}.Debug|x64.Build.0 = Debug|x64
		{5E518FCB-DC17-4002-9E48-BBD96A0B64E2}.Debug|x86.ActiveCfg = Debug|Win32
		{5E518FCB-DC17-4002-9E48-BBD96A0B64E2}.Debug|x86.Build.0 = Debug|Win32
		{5E518FCB-DC17-4002-9E48-BBD96A0B64E2}.Release|x64.ActiveCfg = Release|x64
		{5E518FCB-DC17-4002-9E48-BBD96A0B64E2}.Release|x64.Build.0 = Release|x64
		{5E518FCB-DC17-4002-9E48-BBD96A0B64E2}.Release|x86.ActiveCfg = Release|Win32
		{5E518FCB-DC17-4002-9E48-BBD96A0B64E2}.Release|x86.Build.0 = Release|Win32
	EndGlobalSection
	GlobalSection(SolutionProperties) = preSolution
		HideSolutionNode = FALSE
	EndGlobalSection
	GlobalSection(ExtensibilityGlobals) = postSolution
		SolutionGuid = {7F6FE524-DCE0-4150-B293-5E8AE0F7A9C2}
	EndGlobalSection
EndGlobal
