
Microsoft Visual Studio Solution File, Format Version 12.00
# Visual Studio 15
VisualStudioVersion = 15.0.28307.421
MinimumVisualStudioVersion = 10.0.40219.1
Project("{8BC9CEB8-8B4A-11D0-8D11-00A0C91BC942}") = "Part.2.Qa.PositiveAndEven", "Part.2.Qa.PositiveAndEven\Part.2.Qa.PositiveAndEven.vcxproj", "{12D7AD69-AC5B-43FB-A955-8C8127523D82}"
EndProject
Global
	GlobalSection(SolutionConfigurationPlatforms) = preSolution
		Debug|x64 = Debug|x64
		Debug|x86 = Debug|x86
		Release|x64 = Release|x64
		Release|x86 = Release|x86
	EndGlobalSection
	GlobalSection(ProjectConfigurationPlatforms) = postSolution
		{12D7AD69-AC5B-43FB-A955-8C8127523D82}.Debug|x64.ActiveCfg = Debug|x64
		{12D7AD69-AC5B-43FB-A955-8C8127523D82}.Debug|x64.Build.0 = Debug|x64
		{12D7AD69-AC5B-43FB-A955-8C8127523D82}.Debug|x86.ActiveCfg = Debug|Win32
		{12D7AD69-AC5B-43FB-A955-8C8127523D82}.Debug|x86.Build.0 = Debug|Win32
		{12D7AD69-AC5B-43FB-A955-8C8127523D82}.Release|x64.ActiveCfg = Release|x64
		{12D7AD69-AC5B-43FB-A955-8C8127523D82}.Release|x64.Build.0 = Release|x64
		{12D7AD69-AC5B-43FB-A955-8C8127523D82}.Release|x86.ActiveCfg = Release|Win32
		{12D7AD69-AC5B-43FB-A955-8C8127523D82}.Release|x86.Build.0 = Release|Win32
	EndGlobalSection
	GlobalSection(SolutionProperties) = preSolution
		HideSolutionNode = FALSE
	EndGlobalSection
	GlobalSection(ExtensibilityGlobals) = postSolution
		SolutionGuid = {F983F61E-E22C-443D-A2DE-6930A2131274}
	EndGlobalSection
EndGlobal
