
Microsoft Visual Studio Solution File, Format Version 12.00
# Visual Studio 15
VisualStudioVersion = 15.0.28307.421
MinimumVisualStudioVersion = 10.0.40219.1
Project("{8BC9CEB8-8B4A-11D0-8D11-00A0C91BC942}") = "Q3.Forloop.a", "Q3.Forloop.a\Q3.Forloop.a.vcxproj", "{78C43443-40C8-45E5-8DCB-86CB0BC52ED4}"
EndProject
Global
	GlobalSection(SolutionConfigurationPlatforms) = preSolution
		Debug|x64 = Debug|x64
		Debug|x86 = Debug|x86
		Release|x64 = Release|x64
		Release|x86 = Release|x86
	EndGlobalSection
	GlobalSection(ProjectConfigurationPlatforms) = postSolution
		{78C43443-40C8-45E5-8DCB-86CB0BC52ED4}.Debug|x64.ActiveCfg = Debug|x64
		{78C43443-40C8-45E5-8DCB-86CB0BC52ED4}.Debug|x64.Build.0 = Debug|x64
		{78C43443-40C8-45E5-8DCB-86CB0BC52ED4}.Debug|x86.ActiveCfg = Debug|Win32
		{78C43443-40C8-45E5-8DCB-86CB0BC52ED4}.Debug|x86.Build.0 = Debug|Win32
		{78C43443-40C8-45E5-8DCB-86CB0BC52ED4}.Release|x64.ActiveCfg = Release|x64
		{78C43443-40C8-45E5-8DCB-86CB0BC52ED4}.Release|x64.Build.0 = Release|x64
		{78C43443-40C8-45E5-8DCB-86CB0BC52ED4}.Release|x86.ActiveCfg = Release|Win32
		{78C43443-40C8-45E5-8DCB-86CB0BC52ED4}.Release|x86.Build.0 = Release|Win32
	EndGlobalSection
	GlobalSection(SolutionProperties) = preSolution
		HideSolutionNode = FALSE
	EndGlobalSection
	GlobalSection(ExtensibilityGlobals) = postSolution
		SolutionGuid = {44F58420-DF8C-4B0B-BB0A-06A766AF8659}
	EndGlobalSection
EndGlobal
