
Microsoft Visual Studio Solution File, Format Version 12.00
# Visual Studio 15
VisualStudioVersion = 15.0.28307.421
MinimumVisualStudioVersion = 10.0.40219.1
Project("{8BC9CEB8-8B4A-11D0-8D11-00A0C91BC942}") = "Q.6", "Q.6\Q.6.vcxproj", "{6CEBD485-C034-4E78-A1BF-491A44163DB7}"
EndProject
Global
	GlobalSection(SolutionConfigurationPlatforms) = preSolution
		Debug|x64 = Debug|x64
		Debug|x86 = Debug|x86
		Release|x64 = Release|x64
		Release|x86 = Release|x86
	EndGlobalSection
	GlobalSection(ProjectConfigurationPlatforms) = postSolution
		{6CEBD485-C034-4E78-A1BF-491A44163DB7}.Debug|x64.ActiveCfg = Debug|x64
		{6CEBD485-C034-4E78-A1BF-491A44163DB7}.Debug|x64.Build.0 = Debug|x64
		{6CEBD485-C034-4E78-A1BF-491A44163DB7}.Debug|x86.ActiveCfg = Debug|Win32
		{6CEBD485-C034-4E78-A1BF-491A44163DB7}.Debug|x86.Build.0 = Debug|Win32
		{6CEBD485-C034-4E78-A1BF-491A44163DB7}.Release|x64.ActiveCfg = Release|x64
		{6CEBD485-C034-4E78-A1BF-491A44163DB7}.Release|x64.Build.0 = Release|x64
		{6CEBD485-C034-4E78-A1BF-491A44163DB7}.Release|x86.ActiveCfg = Release|Win32
		{6CEBD485-C034-4E78-A1BF-491A44163DB7}.Release|x86.Build.0 = Release|Win32
	EndGlobalSection
	GlobalSection(SolutionProperties) = preSolution
		HideSolutionNode = FALSE
	EndGlobalSection
	GlobalSection(ExtensibilityGlobals) = postSolution
		SolutionGuid = {B608B8D6-9FB9-488F-A670-FB6D9C650AC4}
	EndGlobalSection
EndGlobal
