
Microsoft Visual Studio Solution File, Format Version 12.00
# Visual Studio 15
VisualStudioVersion = 15.0.28307.421
MinimumVisualStudioVersion = 10.0.40219.1
Project("{8BC9CEB8-8B4A-11D0-8D11-00A0C91BC942}") = "VendingMachine", "VendingMachine\VendingMachine.vcxproj", "{7EC6DCFF-0037-4731-8756-847ADE0F026D}"
EndProject
Global
	GlobalSection(SolutionConfigurationPlatforms) = preSolution
		Debug|x64 = Debug|x64
		Debug|x86 = Debug|x86
		Release|x64 = Release|x64
		Release|x86 = Release|x86
	EndGlobalSection
	GlobalSection(ProjectConfigurationPlatforms) = postSolution
		{7EC6DCFF-0037-4731-8756-847ADE0F026D}.Debug|x64.ActiveCfg = Debug|x64
		{7EC6DCFF-0037-4731-8756-847ADE0F026D}.Debug|x64.Build.0 = Debug|x64
		{7EC6DCFF-0037-4731-8756-847ADE0F026D}.Debug|x86.ActiveCfg = Debug|Win32
		{7EC6DCFF-0037-4731-8756-847ADE0F026D}.Debug|x86.Build.0 = Debug|Win32
		{7EC6DCFF-0037-4731-8756-847ADE0F026D}.Release|x64.ActiveCfg = Release|x64
		{7EC6DCFF-0037-4731-8756-847ADE0F026D}.Release|x64.Build.0 = Release|x64
		{7EC6DCFF-0037-4731-8756-847ADE0F026D}.Release|x86.ActiveCfg = Release|Win32
		{7EC6DCFF-0037-4731-8756-847ADE0F026D}.Release|x86.Build.0 = Release|Win32
	EndGlobalSection
	GlobalSection(SolutionProperties) = preSolution
		HideSolutionNode = FALSE
	EndGlobalSection
	GlobalSection(ExtensibilityGlobals) = postSolution
		SolutionGuid = {A9748304-31DB-4134-AF63-D009A71419A4}
	EndGlobalSection
EndGlobal
