
Microsoft Visual Studio Solution File, Format Version 12.00
# Visual Studio 15
VisualStudioVersion = 15.0.28307.421
MinimumVisualStudioVersion = 10.0.40219.1
Project("{8BC9CEB8-8B4A-11D0-8D11-00A0C91BC942}") = "Part2.Q.2. FibonacciSequence", "Part2.Q.2. FibonacciSequence\Part2.Q.2. FibonacciSequence.vcxproj", "{4205C769-4590-4407-B90D-7EA20A975CB7}"
EndProject
Global
	GlobalSection(SolutionConfigurationPlatforms) = preSolution
		Debug|x64 = Debug|x64
		Debug|x86 = Debug|x86
		Release|x64 = Release|x64
		Release|x86 = Release|x86
	EndGlobalSection
	GlobalSection(ProjectConfigurationPlatforms) = postSolution
		{4205C769-4590-4407-B90D-7EA20A975CB7}.Debug|x64.ActiveCfg = Debug|x64
		{4205C769-4590-4407-B90D-7EA20A975CB7}.Debug|x64.Build.0 = Debug|x64
		{4205C769-4590-4407-B90D-7EA20A975CB7}.Debug|x86.ActiveCfg = Debug|Win32
		{4205C769-4590-4407-B90D-7EA20A975CB7}.Debug|x86.Build.0 = Debug|Win32
		{4205C769-4590-4407-B90D-7EA20A975CB7}.Release|x64.ActiveCfg = Release|x64
		{4205C769-4590-4407-B90D-7EA20A975CB7}.Release|x64.Build.0 = Release|x64
		{4205C769-4590-4407-B90D-7EA20A975CB7}.Release|x86.ActiveCfg = Release|Win32
		{4205C769-4590-4407-B90D-7EA20A975CB7}.Release|x86.Build.0 = Release|Win32
	EndGlobalSection
	GlobalSection(SolutionProperties) = preSolution
		HideSolutionNode = FALSE
	EndGlobalSection
	GlobalSection(ExtensibilityGlobals) = postSolution
		SolutionGuid = {A08AD2B8-FAC7-4E39-A55E-6193666050D7}
	EndGlobalSection
EndGlobal
