
Microsoft Visual Studio Solution File, Format Version 12.00
# Visual Studio 15
VisualStudioVersion = 15.0.28307.421
MinimumVisualStudioVersion = 10.0.40219.1
Project("{8BC9CEB8-8B4A-11D0-8D11-00A0C91BC942}") = "Q.1-Timestable", "Q.1-Timestable\Q.1-Timestable.vcxproj", "{3F87B80F-A5C7-400C-8EB8-19CE21326698}"
EndProject
Global
	GlobalSection(SolutionConfigurationPlatforms) = preSolution
		Debug|x64 = Debug|x64
		Debug|x86 = Debug|x86
		Release|x64 = Release|x64
		Release|x86 = Release|x86
	EndGlobalSection
	GlobalSection(ProjectConfigurationPlatforms) = postSolution
		{3F87B80F-A5C7-400C-8EB8-19CE21326698}.Debug|x64.ActiveCfg = Debug|x64
		{3F87B80F-A5C7-400C-8EB8-19CE21326698}.Debug|x64.Build.0 = Debug|x64
		{3F87B80F-A5C7-400C-8EB8-19CE21326698}.Debug|x86.ActiveCfg = Debug|Win32
		{3F87B80F-A5C7-400C-8EB8-19CE21326698}.Debug|x86.Build.0 = Debug|Win32
		{3F87B80F-A5C7-400C-8EB8-19CE21326698}.Release|x64.ActiveCfg = Release|x64
		{3F87B80F-A5C7-400C-8EB8-19CE21326698}.Release|x64.Build.0 = Release|x64
		{3F87B80F-A5C7-400C-8EB8-19CE21326698}.Release|x86.ActiveCfg = Release|Win32
		{3F87B80F-A5C7-400C-8EB8-19CE21326698}.Release|x86.Build.0 = Release|Win32
	EndGlobalSection
	GlobalSection(SolutionProperties) = preSolution
		HideSolutionNode = FALSE
	EndGlobalSection
	GlobalSection(ExtensibilityGlobals) = postSolution
		SolutionGuid = {4A60C9F3-E4B4-4579-9FFA-CCCDE1B8A757}
	EndGlobalSection
EndGlobal
