
Microsoft Visual Studio Solution File, Format Version 12.00
# Visual Studio 15
VisualStudioVersion = 15.0.28307.421
MinimumVisualStudioVersion = 10.0.40219.1
Project("{8BC9CEB8-8B4A-11D0-8D11-00A0C91BC942}") = "psp2AssignementMain", "psp2AssignementMain\psp2AssignementMain.vcxproj", "{B315E0FB-29F6-4DBC-AC1B-FAC62D4E2974}"
EndProject
Global
	GlobalSection(SolutionConfigurationPlatforms) = preSolution
		Debug|x64 = Debug|x64
		Debug|x86 = Debug|x86
		Release|x64 = Release|x64
		Release|x86 = Release|x86
	EndGlobalSection
	GlobalSection(ProjectConfigurationPlatforms) = postSolution
		{B315E0FB-29F6-4DBC-AC1B-FAC62D4E2974}.Debug|x64.ActiveCfg = Debug|x64
		{B315E0FB-29F6-4DBC-AC1B-FAC62D4E2974}.Debug|x64.Build.0 = Debug|x64
		{B315E0FB-29F6-4DBC-AC1B-FAC62D4E2974}.Debug|x86.ActiveCfg = Debug|Win32
		{B315E0FB-29F6-4DBC-AC1B-FAC62D4E2974}.Debug|x86.Build.0 = Debug|Win32
		{B315E0FB-29F6-4DBC-AC1B-FAC62D4E2974}.Release|x64.ActiveCfg = Release|x64
		{B315E0FB-29F6-4DBC-AC1B-FAC62D4E2974}.Release|x64.Build.0 = Release|x64
		{B315E0FB-29F6-4DBC-AC1B-FAC62D4E2974}.Release|x86.ActiveCfg = Release|Win32
		{B315E0FB-29F6-4DBC-AC1B-FAC62D4E2974}.Release|x86.Build.0 = Release|Win32
	EndGlobalSection
	GlobalSection(SolutionProperties) = preSolution
		HideSolutionNode = FALSE
	EndGlobalSection
	GlobalSection(ExtensibilityGlobals) = postSolution
		SolutionGuid = {E6C35FBD-1A53-45D1-BD66-EEF87FAD28A5}
	EndGlobalSection
EndGlobal
