
Microsoft Visual Studio Solution File, Format Version 12.00
# Visual Studio 15
VisualStudioVersion = 15.0.28307.421
MinimumVisualStudioVersion = 10.0.40219.1
Project("{8BC9CEB8-8B4A-11D0-8D11-00A0C91BC942}") = "commonNumbers", "commonNumbers\commonNumbers.vcxproj", "{621CE540-2194-4BEF-A42B-BDAD4576EDA3}"
EndProject
Global
	GlobalSection(SolutionConfigurationPlatforms) = preSolution
		Debug|x64 = Debug|x64
		Debug|x86 = Debug|x86
		Release|x64 = Release|x64
		Release|x86 = Release|x86
	EndGlobalSection
	GlobalSection(ProjectConfigurationPlatforms) = postSolution
		{621CE540-2194-4BEF-A42B-BDAD4576EDA3}.Debug|x64.ActiveCfg = Debug|x64
		{621CE540-2194-4BEF-A42B-BDAD4576EDA3}.Debug|x64.Build.0 = Debug|x64
		{621CE540-2194-4BEF-A42B-BDAD4576EDA3}.Debug|x86.ActiveCfg = Debug|Win32
		{621CE540-2194-4BEF-A42B-BDAD4576EDA3}.Debug|x86.Build.0 = Debug|Win32
		{621CE540-2194-4BEF-A42B-BDAD4576EDA3}.Release|x64.ActiveCfg = Release|x64
		{621CE540-2194-4BEF-A42B-BDAD4576EDA3}.Release|x64.Build.0 = Release|x64
		{621CE540-2194-4BEF-A42B-BDAD4576EDA3}.Release|x86.ActiveCfg = Release|Win32
		{621CE540-2194-4BEF-A42B-BDAD4576EDA3}.Release|x86.Build.0 = Release|Win32
	EndGlobalSection
	GlobalSection(SolutionProperties) = preSolution
		HideSolutionNode = FALSE
	EndGlobalSection
	GlobalSection(ExtensibilityGlobals) = postSolution
		SolutionGuid = {1B1B32AB-0393-4B52-8CC2-188F28919E65}
	EndGlobalSection
EndGlobal
