
Microsoft Visual Studio Solution File, Format Version 12.00
# Visual Studio 15
VisualStudioVersion = 15.0.28307.421
MinimumVisualStudioVersion = 10.0.40219.1
Project("{8BC9CEB8-8B4A-11D0-8D11-00A0C91BC942}") = "part.2.Q.3", "part.2.Q.3\part.2.Q.3.vcxproj", "{F750F6E0-E3A5-4D6D-8128-8CCE8A4636A5}"
EndProject
Global
	GlobalSection(SolutionConfigurationPlatforms) = preSolution
		Debug|x64 = Debug|x64
		Debug|x86 = Debug|x86
		Release|x64 = Release|x64
		Release|x86 = Release|x86
	EndGlobalSection
	GlobalSection(ProjectConfigurationPlatforms) = postSolution
		{F750F6E0-E3A5-4D6D-8128-8CCE8A4636A5}.Debug|x64.ActiveCfg = Debug|x64
		{F750F6E0-E3A5-4D6D-8128-8CCE8A4636A5}.Debug|x64.Build.0 = Debug|x64
		{F750F6E0-E3A5-4D6D-8128-8CCE8A4636A5}.Debug|x86.ActiveCfg = Debug|Win32
		{F750F6E0-E3A5-4D6D-8128-8CCE8A4636A5}.Debug|x86.Build.0 = Debug|Win32
		{F750F6E0-E3A5-4D6D-8128-8CCE8A4636A5}.Release|x64.ActiveCfg = Release|x64
		{F750F6E0-E3A5-4D6D-8128-8CCE8A4636A5}.Release|x64.Build.0 = Release|x64
		{F750F6E0-E3A5-4D6D-8128-8CCE8A4636A5}.Release|x86.ActiveCfg = Release|Win32
		{F750F6E0-E3A5-4D6D-8128-8CCE8A4636A5}.Release|x86.Build.0 = Release|Win32
	EndGlobalSection
	GlobalSection(SolutionProperties) = preSolution
		HideSolutionNode = FALSE
	EndGlobalSection
	GlobalSection(ExtensibilityGlobals) = postSolution
		SolutionGuid = {5B0CFE39-9E63-4C88-A636-8485367A7847}
	EndGlobalSection
EndGlobal
